
Microsoft Visual Studio Solution File, Format Version 12.00
# Visual Studio Version 16
VisualStudioVersion = 16.0.30907.101
MinimumVisualStudioVersion = 10.0.40219.1
Project("{FAE04EC0-301F-11D3-BF4B-00C04F79EFBC}") = "OnlineTicariOtomasyon", "OnlineTicariOtomasyon\OnlineTicariOtomasyon.csproj", "{D29C1BCF-FA97-4D17-8FCE-202F1E86EB56}"
EndProject
Global
	GlobalSection(SolutionConfigurationPlatforms) = preSolution
		Debug|Any CPU = Debug|Any CPU
		Release|Any CPU = Release|Any CPU
	EndGlobalSection
	GlobalSection(ProjectConfigurationPlatforms) = postSolution
		{D29C1BCF-FA97-4D17-8FCE-202F1E86EB56}.Debug|Any CPU.ActiveCfg = Debug|Any CPU
		{D29C1BCF-FA97-4D17-8FCE-202F1E86EB56}.Debug|Any CPU.Build.0 = Debug|Any CPU
		{D29C1BCF-FA97-4D17-8FCE-202F1E86EB56}.Release|Any CPU.ActiveCfg = Release|Any CPU
		{D29C1BCF-FA97-4D17-8FCE-202F1E86EB56}.Release|Any CPU.Build.0 = Release|Any CPU
	EndGlobalSection
	GlobalSection(SolutionProperties) = preSolution
		HideSolutionNode = FALSE
	EndGlobalSection
	GlobalSection(ExtensibilityGlobals) = postSolution
		SolutionGuid = {01933017-9A4A-4009-9F14-C1072BCA0F5F}
	EndGlobalSection
EndGlobal
